Microsoft Visual Studio Solution File, Format Version 12.00
# Visual Studio Version 17
VisualStudioVersion = 17.5.2.0
MinimumVisualStudioVersion = 10.0.40219.1
Project("{2150E333-8FDC-42A3-9474-1A3956D46DE8}") = "back-end", "back-end", "{B670D836-3F3F-1B65-310F-B37E3F845B14}"
EndProject
Project("{FAE04EC0-301F-11D3-BF4B-00C04F79EFBC}") = "ApplicationsService", "back-end\ApplicationsService\ApplicationsService.csproj", "{48E92940-484D-7B81-4225-619523E0E914}"
EndProject
Project("{FAE04EC0-301F-11D3-BF4B-00C04F79EFBC}") = "UserService", "back-end\UserService\UserService.csproj", "{049B8238-D07F-68E5-479F-90EB5678A5A2}"
EndProject
Global
	GlobalSection(SolutionConfigurationPlatforms) = preSolution
		Debug|Any CPU = Debug|Any CPU
		Release|Any CPU = Release|Any CPU
	EndGlobalSection
	GlobalSection(ProjectConfigurationPlatforms) = postSolution
		{48E92940-484D-7B81-4225-619523E0E914}.Debug|Any CPU.ActiveCfg = Debug|Any CPU
		{48E92940-484D-7B81-4225-619523E0E914}.Debug|Any CPU.Build.0 = Debug|Any CPU
		{48E92940-484D-7B81-4225-619523E0E914}.Release|Any CPU.ActiveCfg = Release|Any CPU
		{48E92940-484D-7B81-4225-619523E0E914}.Release|Any CPU.Build.0 = Release|Any CPU
		{049B8238-D07F-68E5-479F-90EB5678A5A2}.Debug|Any CPU.ActiveCfg = Debug|Any CPU
		{049B8238-D07F-68E5-479F-90EB5678A5A2}.Debug|Any CPU.Build.0 = Debug|Any CPU
		{049B8238-D07F-68E5-479F-90EB5678A5A2}.Release|Any CPU.ActiveCfg = Release|Any CPU
		{049B8238-D07F-68E5-479F-90EB5678A5A2}.Release|Any CPU.Build.0 = Release|Any CPU
	EndGlobalSection
	GlobalSection(SolutionProperties) = preSolution
		HideSolutionNode = FALSE
	EndGlobalSection
	GlobalSection(NestedProjects) = preSolution
		{48E92940-484D-7B81-4225-619523E0E914} = {B670D836-3F3F-1B65-310F-B37E3F845B14}
		{049B8238-D07F-68E5-479F-90EB5678A5A2} = {B670D836-3F3F-1B65-310F-B37E3F845B14}
	EndGlobalSection
	GlobalSection(ExtensibilityGlobals) = postSolution
		SolutionGuid = {CDE0289B-BB49-47BD-AD3E-CB8C2066BB12}
	EndGlobalSection
EndGlobal
